
Microsoft Visual Studio Solution File, Format Version 12.00
# Visual Studio Version 17
VisualStudioVersion = 17.6.33723.286
MinimumVisualStudioVersion = 10.0.40219.1
Project("{2150E333-8FDC-42A3-9474-1A3956D46DE8}") = "src", "src", "{91DC8C7F-8DCC-4E35-A41C-7B4E023C6EF8}"
EndProject
Project("{2150E333-8FDC-42A3-9474-1A3956D46DE8}") = "Core", "Core", "{BAD77576-4258-4A81-9C0B-28371D20696A}"
EndProject
Project("{2150E333-8FDC-42A3-9474-1A3956D46DE8}") = "Infraestructure", "Infraestructure", "{3E2BC942-CA30-4180-B5CC-866B7CECED7C}"
EndProject
Project("{2150E333-8FDC-42A3-9474-1A3956D46DE8}") = "Presentation", "Presentation", "{B2098C5C-86A0-4A46-BC36-82EEE162FA17}"
EndProject
Project("{FAE04EC0-301F-11D3-BF4B-00C04F79EFBC}") = "Application", "Application\Application.csproj", "{237C80A6-EA16-46E0-9FA2-E9D6055CA9E5}"
EndProject
Project("{FAE04EC0-301F-11D3-BF4B-00C04F79EFBC}") = "Domain", "Domain\Domain.csproj", "{4E407944-24E1-404E-8028-87946514AEB8}"
EndProject
Project("{FAE04EC0-301F-11D3-BF4B-00C04F79EFBC}") = "Persistence", "Persistence\Persistence.csproj", "{786D39C2-8AA4-4E0F-88C4-D3881A25BD8D}"
EndProject
Project("{FAE04EC0-301F-11D3-BF4B-00C04F79EFBC}") = "Shared", "Shared\Shared.csproj", "{BDB36B93-6FCA-46D6-B3D0-D6664898775E}"
EndProject
Project("{FAE04EC0-301F-11D3-BF4B-00C04F79EFBC}") = "WebAPI", "WebAPI\WebAPI.csproj", "{26967966-0B90-488A-8158-B9CEF9116276}"
EndProject
Global
	GlobalSection(SolutionConfigurationPlatforms) = preSolution
		Debug|Any CPU = Debug|Any CPU
		Release|Any CPU = Release|Any CPU
	EndGlobalSection
	GlobalSection(ProjectConfigurationPlatforms) = postSolution
		{237C80A6-EA16-46E0-9FA2-E9D6055CA9E5}.Debug|Any CPU.ActiveCfg = Debug|Any CPU
		{237C80A6-EA16-46E0-9FA2-E9D6055CA9E5}.Debug|Any CPU.Build.0 = Debug|Any CPU
		{237C80A6-EA16-46E0-9FA2-E9D6055CA9E5}.Release|Any CPU.ActiveCfg = Release|Any CPU
		{237C80A6-EA16-46E0-9FA2-E9D6055CA9E5}.Release|Any CPU.Build.0 = Release|Any CPU
		{4E407944-24E1-404E-8028-87946514AEB8}.Debug|Any CPU.ActiveCfg = Debug|Any CPU
		{4E407944-24E1-404E-8028-87946514AEB8}.Debug|Any CPU.Build.0 = Debug|Any CPU
		{4E407944-24E1-404E-8028-87946514AEB8}.Release|Any CPU.ActiveCfg = Release|Any CPU
		{4E407944-24E1-404E-8028-87946514AEB8}.Release|Any CPU.Build.0 = Release|Any CPU
		{786D39C2-8AA4-4E0F-88C4-D3881A25BD8D}.Debug|Any CPU.ActiveCfg = Debug|Any CPU
		{786D39C2-8AA4-4E0F-88C4-D3881A25BD8D}.Debug|Any CPU.Build.0 = Debug|Any CPU
		{786D39C2-8AA4-4E0F-88C4-D3881A25BD8D}.Release|Any CPU.ActiveCfg = Release|Any CPU
		{786D39C2-8AA4-4E0F-88C4-D3881A25BD8D}.Release|Any CPU.Build.0 = Release|Any CPU
		{BDB36B93-6FCA-46D6-B3D0-D6664898775E}.Debug|Any CPU.ActiveCfg = Debug|Any CPU
		{BDB36B93-6FCA-46D6-B3D0-D6664898775E}.Debug|Any CPU.Build.0 = Debug|Any CPU
		{BDB36B93-6FCA-46D6-B3D0-D6664898775E}.Release|Any CPU.ActiveCfg = Release|Any CPU
		{BDB36B93-6FCA-46D6-B3D0-D6664898775E}.Release|Any CPU.Build.0 = Release|Any CPU
		{26967966-0B90-488A-8158-B9CEF9116276}.Debug|Any CPU.ActiveCfg = Debug|Any CPU
		{26967966-0B90-488A-8158-B9CEF9116276}.Debug|Any CPU.Build.0 = Debug|Any CPU
		{26967966-0B90-488A-8158-B9CEF9116276}.Release|Any CPU.ActiveCfg = Release|Any CPU
		{26967966-0B90-488A-8158-B9CEF9116276}.Release|Any CPU.Build.0 = Release|Any CPU
	EndGlobalSection
	GlobalSection(SolutionProperties) = preSolution
		HideSolutionNode = FALSE
	EndGlobalSection
	GlobalSection(NestedProjects) = preSolution
		{BAD77576-4258-4A81-9C0B-28371D20696A} = {91DC8C7F-8DCC-4E35-A41C-7B4E023C6EF8}
		{3E2BC942-CA30-4180-B5CC-866B7CECED7C} = {91DC8C7F-8DCC-4E35-A41C-7B4E023C6EF8}
		{B2098C5C-86A0-4A46-BC36-82EEE162FA17} = {91DC8C7F-8DCC-4E35-A41C-7B4E023C6EF8}
		{237C80A6-EA16-46E0-9FA2-E9D6055CA9E5} = {BAD77576-4258-4A81-9C0B-28371D20696A}
		{4E407944-24E1-404E-8028-87946514AEB8} = {BAD77576-4258-4A81-9C0B-28371D20696A}
		{786D39C2-8AA4-4E0F-88C4-D3881A25BD8D} = {3E2BC942-CA30-4180-B5CC-866B7CECED7C}
		{BDB36B93-6FCA-46D6-B3D0-D6664898775E} = {3E2BC942-CA30-4180-B5CC-866B7CECED7C}
		{26967966-0B90-488A-8158-B9CEF9116276} = {B2098C5C-86A0-4A46-BC36-82EEE162FA17}
	EndGlobalSection
	GlobalSection(ExtensibilityGlobals) = postSolution
		SolutionGuid = {9C9C4ABC-9E9F-46CE-97ED-592CAAA2CD21}
	EndGlobalSection
EndGlobal
